
Microsoft Visual Studio Solution File, Format Version 12.00
# Visual Studio Version 17
VisualStudioVersion = 17.3.32929.385
MinimumVisualStudioVersion = 10.0.40219.1
Project("{8BC9CEB8-8B4A-11D0-8D11-00A0C91BC942}") = "dulLinkedList", "dulLinkedList.vcxproj", "{A46AC7E1-D026-49AA-AE08-B62DB58B4A37}"
EndProject
Global
	GlobalSection(SolutionConfigurationPlatforms) = preSolution
		Debug|x64 = Debug|x64
		Debug|x86 = Debug|x86
		Release|x64 = Release|x64
		Release|x86 = Release|x86
	EndGlobalSection
	GlobalSection(ProjectConfigurationPlatforms) = postSolution
		{A46AC7E1-D026-49AA-AE08-B62DB58B4A37}.Debug|x64.ActiveCfg = Debug|x64
		{A46AC7E1-D026-49AA-AE08-B62DB58B4A37}.Debug|x64.Build.0 = Debug|x64
		{A46AC7E1-D026-49AA-AE08-B62DB58B4A37}.Debug|x86.ActiveCfg = Debug|Win32
		{A46AC7E1-D026-49AA-AE08-B62DB58B4A37}.Debug|x86.Build.0 = Debug|Win32
		{A46AC7E1-D026-49AA-AE08-B62DB58B4A37}.Release|x64.ActiveCfg = Release|x64
		{A46AC7E1-D026-49AA-AE08-B62DB58B4A37}.Release|x64.Build.0 = Release|x64
		{A46AC7E1-D026-49AA-AE08-B62DB58B4A37}.Release|x86.ActiveCfg = Release|Win32
		{A46AC7E1-D026-49AA-AE08-B62DB58B4A37}.Release|x86.Build.0 = Release|Win32
	EndGlobalSection
	GlobalSection(SolutionProperties) = preSolution
		HideSolutionNode = FALSE
	EndGlobalSection
	GlobalSection(ExtensibilityGlobals) = postSolution
		SolutionGuid = {CA28DC9B-6FA3-4E64-8252-F09335DB1620}
	EndGlobalSection
EndGlobal
